{
  "name": "package.lock.master",
  "version": "1.0.0",
  "lockfileVersion": 1,
  "requires": true,
  "dependencies": {
    "package.lock.slave": {
      "version": "git+ssh://git@github.com/fzheng/package.lock.slave.git#f1b2c69fccfa13ec45aed80fe7342cfeb16535cc",
      "from": "git+ssh://git@github.com/fzheng/package.lock.slave.git#master"
    }
  }
}
